
Microsoft Visual Studio Solution File, Format Version 12.00
# Visual Studio Version 17
VisualStudioVersion = 17.3.32929.385
MinimumVisualStudioVersion = 10.0.40219.1
Project("{9A19103F-16F7-4668-BE54-9A1E7A4F7556}") = "Encryption.MVC", "Encryption.MVC\Encryption.MVC.csproj", "{2C64BC8E-CA04-4BF3-822E-9F075EC8C213}"
EndProject
Project("{9A19103F-16F7-4668-BE54-9A1E7A4F7556}") = "Encryption.Hashing", "Encryption.Hashing\Encryption.Hashing.csproj", "{BBBC3CE1-E973-4CEB-B2ED-104D406CBEFC}"
EndProject
Project("{9A19103F-16F7-4668-BE54-9A1E7A4F7556}") = "Encryption.Console", "Encryption.Console\Encryption.Console.csproj", "{16D19581-4124-415F-99A7-6FE7C63C85D5}"
EndProject
Project("{9A19103F-16F7-4668-BE54-9A1E7A4F7556}") = "Encryption.KeyGenerator", "Encryption.KeyGenerator\Encryption.KeyGenerator.csproj", "{A0B4154E-A221-480E-9B4D-9D04003EE510}"
EndProject
Project("{9A19103F-16F7-4668-BE54-9A1E7A4F7556}") = "Encryption.Test", "Encryption.Test\Encryption.Test.csproj", "{DD32CEF0-EB73-4641-9EA4-19B3F5EF63A4}"
EndProject
Project("{FAE04EC0-301F-11D3-BF4B-00C04F79EFBC}") = "Encryption.CaesarCipher", "Encryption.CaesarCipher\Encryption.CaesarCipher.csproj", "{9220FD3E-6FD0-41D7-9FB6-4914F1C07115}"
EndProject
Global
	GlobalSection(SolutionConfigurationPlatforms) = preSolution
		Debug|Any CPU = Debug|Any CPU
		Release|Any CPU = Release|Any CPU
	EndGlobalSection
	GlobalSection(ProjectConfigurationPlatforms) = postSolution
		{2C64BC8E-CA04-4BF3-822E-9F075EC8C213}.Debug|Any CPU.ActiveCfg = Debug|Any CPU
		{2C64BC8E-CA04-4BF3-822E-9F075EC8C213}.Debug|Any CPU.Build.0 = Debug|Any CPU
		{2C64BC8E-CA04-4BF3-822E-9F075EC8C213}.Release|Any CPU.ActiveCfg = Release|Any CPU
		{2C64BC8E-CA04-4BF3-822E-9F075EC8C213}.Release|Any CPU.Build.0 = Release|Any CPU
		{BBBC3CE1-E973-4CEB-B2ED-104D406CBEFC}.Debug|Any CPU.ActiveCfg = Debug|Any CPU
		{BBBC3CE1-E973-4CEB-B2ED-104D406CBEFC}.Debug|Any CPU.Build.0 = Debug|Any CPU
		{BBBC3CE1-E973-4CEB-B2ED-104D406CBEFC}.Release|Any CPU.ActiveCfg = Release|Any CPU
		{BBBC3CE1-E973-4CEB-B2ED-104D406CBEFC}.Release|Any CPU.Build.0 = Release|Any CPU
		{16D19581-4124-415F-99A7-6FE7C63C85D5}.Debug|Any CPU.ActiveCfg = Debug|Any CPU
		{16D19581-4124-415F-99A7-6FE7C63C85D5}.Debug|Any CPU.Build.0 = Debug|Any CPU
		{16D19581-4124-415F-99A7-6FE7C63C85D5}.Release|Any CPU.ActiveCfg = Release|Any CPU
		{16D19581-4124-415F-99A7-6FE7C63C85D5}.Release|Any CPU.Build.0 = Release|Any CPU
		{A0B4154E-A221-480E-9B4D-9D04003EE510}.Debug|Any CPU.ActiveCfg = Debug|Any CPU
		{A0B4154E-A221-480E-9B4D-9D04003EE510}.Debug|Any CPU.Build.0 = Debug|Any CPU
		{A0B4154E-A221-480E-9B4D-9D04003EE510}.Release|Any CPU.ActiveCfg = Release|Any CPU
		{A0B4154E-A221-480E-9B4D-9D04003EE510}.Release|Any CPU.Build.0 = Release|Any CPU
		{DD32CEF0-EB73-4641-9EA4-19B3F5EF63A4}.Debug|Any CPU.ActiveCfg = Debug|Any CPU
		{DD32CEF0-EB73-4641-9EA4-19B3F5EF63A4}.Debug|Any CPU.Build.0 = Debug|Any CPU
		{DD32CEF0-EB73-4641-9EA4-19B3F5EF63A4}.Release|Any CPU.ActiveCfg = Release|Any CPU
		{DD32CEF0-EB73-4641-9EA4-19B3F5EF63A4}.Release|Any CPU.Build.0 = Release|Any CPU
		{9220FD3E-6FD0-41D7-9FB6-4914F1C07115}.Debug|Any CPU.ActiveCfg = Debug|Any CPU
		{9220FD3E-6FD0-41D7-9FB6-4914F1C07115}.Debug|Any CPU.Build.0 = Debug|Any CPU
		{9220FD3E-6FD0-41D7-9FB6-4914F1C07115}.Release|Any CPU.ActiveCfg = Release|Any CPU
		{9220FD3E-6FD0-41D7-9FB6-4914F1C07115}.Release|Any CPU.Build.0 = Release|Any CPU
	EndGlobalSection
	GlobalSection(SolutionProperties) = preSolution
		HideSolutionNode = FALSE
	EndGlobalSection
	GlobalSection(ExtensibilityGlobals) = postSolution
		SolutionGuid = {EAB66519-DFB4-49C9-BEB8-BCBAF73A1491}
	EndGlobalSection
EndGlobal
